
Microsoft Visual Studio Solution File, Format Version 12.00
# Visual Studio Version 16
VisualStudioVersion = 16.0.29609.76
MinimumVisualStudioVersion = 10.0.40219.1
Project("{FAE04EC0-301F-11D3-BF4B-00C04F79EFBC}") = "EpamMVCTask1", "EpamMVCTask1\EpamMVCTask1.csproj", "{71148C1C-16FA-417F-82B3-202DD4140FC9}"
EndProject
Project("{FAE04EC0-301F-11D3-BF4B-00C04F79EFBC}") = "EpamMVCTask1.DLL", "EpamMVCTask1.DLL\EpamMVCTask1.DLL.csproj", "{83E77B2B-CD9D-484E-8C1D-E0023CEE0DF0}"
EndProject
Global
	GlobalSection(SolutionConfigurationPlatforms) = preSolution
		Debug|Any CPU = Debug|Any CPU
		Release|Any CPU = Release|Any CPU
	EndGlobalSection
	GlobalSection(ProjectConfigurationPlatforms) = postSolution
		{71148C1C-16FA-417F-82B3-202DD4140FC9}.Debug|Any CPU.ActiveCfg = Debug|Any CPU
		{71148C1C-16FA-417F-82B3-202DD4140FC9}.Debug|Any CPU.Build.0 = Debug|Any CPU
		{71148C1C-16FA-417F-82B3-202DD4140FC9}.Release|Any CPU.ActiveCfg = Release|Any CPU
		{71148C1C-16FA-417F-82B3-202DD4140FC9}.Release|Any CPU.Build.0 = Release|Any CPU
		{83E77B2B-CD9D-484E-8C1D-E0023CEE0DF0}.Debug|Any CPU.ActiveCfg = Debug|Any CPU
		{83E77B2B-CD9D-484E-8C1D-E0023CEE0DF0}.Debug|Any CPU.Build.0 = Debug|Any CPU
		{83E77B2B-CD9D-484E-8C1D-E0023CEE0DF0}.Release|Any CPU.ActiveCfg = Release|Any CPU
		{83E77B2B-CD9D-484E-8C1D-E0023CEE0DF0}.Release|Any CPU.Build.0 = Release|Any CPU
	EndGlobalSection
	GlobalSection(SolutionProperties) = preSolution
		HideSolutionNode = FALSE
	EndGlobalSection
	GlobalSection(ExtensibilityGlobals) = postSolution
		SolutionGuid = {3F48FD01-8FA0-4866-98ED-23EBFDC2C3B7}
	EndGlobalSection
EndGlobal
